
Microsoft Visual Studio Solution File, Format Version 12.00
# Visual Studio 15
VisualStudioVersion = 15.0.26730.12
MinimumVisualStudioVersion = 10.0.40219.1
Project("{FAE04EC0-301F-11D3-BF4B-00C04F79EFBC}") = "Matricis.Android", "Matricis\Matricis.Android\Matricis.Android.csproj", "{D6FD8F85-32EB-4C4E-9B53-87FAD290489B}"
EndProject
Project("{FAE04EC0-301F-11D3-BF4B-00C04F79EFBC}") = "Matricis", "Matricis\Matricis\Matricis.csproj", "{526851B8-48C2-4F57-8CBD-A1D4F3014FC1}"
EndProject
Project("{FAE04EC0-301F-11D3-BF4B-00C04F79EFBC}") = "Matricis.UWP", "Matricis\Matricis.UWP\Matricis.UWP.csproj", "{59FE089F-F333-4CFC-BCA0-1159124100E4}"
EndProject
Project("{FAE04EC0-301F-11D3-BF4B-00C04F79EFBC}") = "Matricis.iOS", "Matricis\Matricis.iOS\Matricis.iOS.csproj", "{D4C59987-98DD-469D-A58E-CCBDE2038C39}"
EndProject
Project("{2150E333-8FDC-42A3-9474-1A3956D46DE8}") = "Test", "Test", "{004D2BC9-C4F1-44A7-9D40-BE581B70C0B1}"
EndProject
Project("{FAE04EC0-301F-11D3-BF4B-00C04F79EFBC}") = "MatricisUnitTest", "MatricisUnitTest\MatricisUnitTest.csproj", "{0F6D0BB1-9435-4ABB-A581-099F3190CAEE}"
EndProject
Global
	GlobalSection(SolutionConfigurationPlatforms) = preSolution
		Ad-Hoc|Any CPU = Ad-Hoc|Any CPU
		Ad-Hoc|ARM = Ad-Hoc|ARM
		Ad-Hoc|iPhone = Ad-Hoc|iPhone
		Ad-Hoc|iPhoneSimulator = Ad-Hoc|iPhoneSimulator
		Ad-Hoc|x64 = Ad-Hoc|x64
		Ad-Hoc|x86 = Ad-Hoc|x86
		AppStore|Any CPU = AppStore|Any CPU
		AppStore|ARM = AppStore|ARM
		AppStore|iPhone = AppStore|iPhone
		AppStore|iPhoneSimulator = AppStore|iPhoneSimulator
		AppStore|x64 = AppStore|x64
		AppStore|x86 = AppStore|x86
		Debug|Any CPU = Debug|Any CPU
		Debug|ARM = Debug|ARM
		Debug|iPhone = Debug|iPhone
		Debug|iPhoneSimulator = Debug|iPhoneSimulator
		Debug|x64 = Debug|x64
		Debug|x86 = Debug|x86
		Release|Any CPU = Release|Any CPU
		Release|ARM = Release|ARM
		Release|iPhone = Release|iPhone
		Release|iPhoneSimulator = Release|iPhoneSimulator
		Release|x64 = Release|x64
		Release|x86 = Release|x86
	EndGlobalSection
	GlobalSection(ProjectConfigurationPlatforms) = postSolution
		{D6FD8F85-32EB-4C4E-9B53-87FAD290489B}.Ad-Hoc|Any CPU.ActiveCfg = Release|Any CPU
		{D6FD8F85-32EB-4C4E-9B53-87FAD290489B}.Ad-Hoc|Any CPU.Build.0 = Release|Any CPU
		{D6FD8F85-32EB-4C4E-9B53-87FAD290489B}.Ad-Hoc|Any CPU.Deploy.0 = Release|Any CPU
		{D6FD8F85-32EB-4C4E-9B53-87FAD290489B}.Ad-Hoc|ARM.ActiveCfg = Release|Any CPU
		{D6FD8F85-32EB-4C4E-9B53-87FAD290489B}.Ad-Hoc|ARM.Build.0 = Release|Any CPU
		{D6FD8F85-32EB-4C4E-9B53-87FAD290489B}.Ad-Hoc|ARM.Deploy.0 = Release|Any CPU
		{D6FD8F85-32EB-4C4E-9B53-87FAD290489B}.Ad-Hoc|iPhone.ActiveCfg = Release|Any CPU
		{D6FD8F85-32EB-4C4E-9B53-87FAD290489B}.Ad-Hoc|iPhone.Build.0 = Release|Any CPU
		{D6FD8F85-32EB-4C4E-9B53-87FAD290489B}.Ad-Hoc|iPhone.Deploy.0 = Release|Any CPU
		{D6FD8F85-32EB-4C4E-9B53-87FAD290489B}.Ad-Hoc|iPhoneSimulator.ActiveCfg = Release|Any CPU
		{D6FD8F85-32EB-4C4E-9B53-87FAD290489B}.Ad-Hoc|iPhoneSimulator.Build.0 = Release|Any CPU
		{D6FD8F85-32EB-4C4E-9B53-87FAD290489B}.Ad-Hoc|iPhoneSimulator.Deploy.0 = Release|Any CPU
		{D6FD8F85-32EB-4C4E-9B53-87FAD290489B}.Ad-Hoc|x64.ActiveCfg = Release|Any CPU
		{D6FD8F85-32EB-4C4E-9B53-87FAD290489B}.Ad-Hoc|x64.Build.0 = Release|Any CPU
		{D6FD8F85-32EB-4C4E-9B53-87FAD290489B}.Ad-Hoc|x64.Deploy.0 = Release|Any CPU
		{D6FD8F85-32EB-4C4E-9B53-87FAD290489B}.Ad-Hoc|x86.ActiveCfg = Release|Any CPU
		{D6FD8F85-32EB-4C4E-9B53-87FAD290489B}.Ad-Hoc|x86.Build.0 = Release|Any CPU
		{D6FD8F85-32EB-4C4E-9B53-87FAD290489B}.Ad-Hoc|x86.Deploy.0 = Release|Any CPU
		{D6FD8F85-32EB-4C4E-9B53-87FAD290489B}.AppStore|Any CPU.ActiveCfg = Release|Any CPU
		{D6FD8F85-32EB-4C4E-9B53-87FAD290489B}.AppStore|Any CPU.Build.0 = Release|Any CPU
		{D6FD8F85-32EB-4C4E-9B53-87FAD290489B}.AppStore|Any CPU.Deploy.0 = Release|Any CPU
		{D6FD8F85-32EB-4C4E-9B53-87FAD290489B}.AppStore|ARM.ActiveCfg = Release|Any CPU
		{D6FD8F85-32EB-4C4E-9B53-87FAD290489B}.AppStore|ARM.Build.0 = Release|Any CPU
		{D6FD8F85-32EB-4C4E-9B53-87FAD290489B}.AppStore|ARM.Deploy.0 = Release|Any CPU
		{D6FD8F85-32EB-4C4E-9B53-87FAD290489B}.AppStore|iPhone.ActiveCfg = Release|Any CPU
		{D6FD8F85-32EB-4C4E-9B53-87FAD290489B}.AppStore|iPhone.Build.0 = Release|Any CPU
		{D6FD8F85-32EB-4C4E-9B53-87FAD290489B}.AppStore|iPhone.Deploy.0 = Release|Any CPU
		{D6FD8F85-32EB-4C4E-9B53-87FAD290489B}.AppStore|iPhoneSimulator.ActiveCfg = Release|Any CPU
		{D6FD8F85-32EB-4C4E-9B53-87FAD290489B}.AppStore|iPhoneSimulator.Build.0 = Release|Any CPU
		{D6FD8F85-32EB-4C4E-9B53-87FAD290489B}.AppStore|iPhoneSimulator.Deploy.0 = Release|Any CPU
		{D6FD8F85-32EB-4C4E-9B53-87FAD290489B}.AppStore|x64.ActiveCfg = Release|Any CPU
		{D6FD8F85-32EB-4C4E-9B53-87FAD290489B}.AppStore|x64.Build.0 = Release|Any CPU
		{D6FD8F85-32EB-4C4E-9B53-87FAD290489B}.AppStore|x64.Deploy.0 = Release|Any CPU
		{D6FD8F85-32EB-4C4E-9B53-87FAD290489B}.AppStore|x86.ActiveCfg = Release|Any CPU
		{D6FD8F85-32EB-4C4E-9B53-87FAD290489B}.AppStore|x86.Build.0 = Release|Any CPU
		{D6FD8F85-32EB-4C4E-9B53-87FAD290489B}.AppStore|x86.Deploy.0 = Release|Any CPU
		{D6FD8F85-32EB-4C4E-9B53-87FAD290489B}.Debug|Any CPU.ActiveCfg = Debug|Any CPU
		{D6FD8F85-32EB-4C4E-9B53-87FAD290489B}.Debug|Any CPU.Build.0 = Debug|Any CPU
		{D6FD8F85-32EB-4C4E-9B53-87FAD290489B}.Debug|Any CPU.Deploy.0 = Debug|Any CPU
		{D6FD8F85-32EB-4C4E-9B53-87FAD290489B}.Debug|ARM.ActiveCfg = Debug|Any CPU
		{D6FD8F85-32EB-4C4E-9B53-87FAD290489B}.Debug|ARM.Build.0 = Debug|Any CPU
		{D6FD8F85-32EB-4C4E-9B53-87FAD290489B}.Debug|ARM.Deploy.0 = Debug|Any CPU
		{D6FD8F85-32EB-4C4E-9B53-87FAD290489B}.Debug|iPhone.ActiveCfg = Debug|Any CPU
		{D6FD8F85-32EB-4C4E-9B53-87FAD290489B}.Debug|iPhone.Build.0 = Debug|Any CPU
		{D6FD8F85-32EB-4C4E-9B53-87FAD290489B}.Debug|iPhone.Deploy.0 = Debug|Any CPU
		{D6FD8F85-32EB-4C4E-9B53-87FAD290489B}.Debug|iPhoneSimulator.ActiveCfg = Debug|Any CPU
		{D6FD8F85-32EB-4C4E-9B53-87FAD290489B}.Debug|iPhoneSimulator.Build.0 = Debug|Any CPU
		{D6FD8F85-32EB-4C4E-9B53-87FAD290489B}.Debug|iPhoneSimulator.Deploy.0 = Debug|Any CPU
		{D6FD8F85-32EB-4C4E-9B53-87FAD290489B}.Debug|x64.ActiveCfg = Debug|Any CPU
		{D6FD8F85-32EB-4C4E-9B53-87FAD290489B}.Debug|x64.Build.0 = Debug|Any CPU
		{D6FD8F85-32EB-4C4E-9B53-87FAD290489B}.Debug|x64.Deploy.0 = Debug|Any CPU
		{D6FD8F85-32EB-4C4E-9B53-87FAD290489B}.Debug|x86.ActiveCfg = Debug|Any CPU
		{D6FD8F85-32EB-4C4E-9B53-87FAD290489B}.Debug|x86.Build.0 = Debug|Any CPU
		{D6FD8F85-32EB-4C4E-9B53-87FAD290489B}.Debug|x86.Deploy.0 = Debug|Any CPU
		{D6FD8F85-32EB-4C4E-9B53-87FAD290489B}.Release|Any CPU.ActiveCfg = Release|Any CPU
		{D6FD8F85-32EB-4C4E-9B53-87FAD290489B}.Release|Any CPU.Build.0 = Release|Any CPU
		{D6FD8F85-32EB-4C4E-9B53-87FAD290489B}.Release|Any CPU.Deploy.0 = Release|Any CPU
		{D6FD8F85-32EB-4C4E-9B53-87FAD290489B}.Release|ARM.ActiveCfg = Release|Any CPU
		{D6FD8F85-32EB-4C4E-9B53-87FAD290489B}.Release|ARM.Build.0 = Release|Any CPU
		{D6FD8F85-32EB-4C4E-9B53-87FAD290489B}.Release|ARM.Deploy.0 = Release|Any CPU
		{D6FD8F85-32EB-4C4E-9B53-87FAD290489B}.Release|iPhone.ActiveCfg = Release|Any CPU
		{D6FD8F85-32EB-4C4E-9B53-87FAD290489B}.Release|iPhone.Build.0 = Release|Any CPU
		{D6FD8F85-32EB-4C4E-9B53-87FAD290489B}.Release|iPhone.Deploy.0 = Release|Any CPU
		{D6FD8F85-32EB-4C4E-9B53-87FAD290489B}.Release|iPhoneSimulator.ActiveCfg = Release|Any CPU
		{D6FD8F85-32EB-4C4E-9B53-87FAD290489B}.Release|iPhoneSimulator.Build.0 = Release|Any CPU
		{D6FD8F85-32EB-4C4E-9B53-87FAD290489B}.Release|iPhoneSimulator.Deploy.0 = Release|Any CPU
		{D6FD8F85-32EB-4C4E-9B53-87FAD290489B}.Release|x64.ActiveCfg = Release|Any CPU
		{D6FD8F85-32EB-4C4E-9B53-87FAD290489B}.Release|x64.Build.0 = Release|Any CPU
		{D6FD8F85-32EB-4C4E-9B53-87FAD290489B}.Release|x64.Deploy.0 = Release|Any CPU
		{D6FD8F85-32EB-4C4E-9B53-87FAD290489B}.Release|x86.ActiveCfg = Release|Any CPU
		{D6FD8F85-32EB-4C4E-9B53-87FAD290489B}.Release|x86.Build.0 = Release|Any CPU
		{D6FD8F85-32EB-4C4E-9B53-87FAD290489B}.Release|x86.Deploy.0 = Release|Any CPU
		{526851B8-48C2-4F57-8CBD-A1D4F3014FC1}.Ad-Hoc|Any CPU.ActiveCfg = Release|Any CPU
		{526851B8-48C2-4F57-8CBD-A1D4F3014FC1}.Ad-Hoc|Any CPU.Build.0 = Release|Any CPU
		{526851B8-48C2-4F57-8CBD-A1D4F3014FC1}.Ad-Hoc|ARM.ActiveCfg = Release|Any CPU
		{526851B8-48C2-4F57-8CBD-A1D4F3014FC1}.Ad-Hoc|ARM.Build.0 = Release|Any CPU
		{526851B8-48C2-4F57-8CBD-A1D4F3014FC1}.Ad-Hoc|iPhone.ActiveCfg = Release|Any CPU
		{526851B8-48C2-4F57-8CBD-A1D4F3014FC1}.Ad-Hoc|iPhone.Build.0 = Release|Any CPU
		{526851B8-48C2-4F57-8CBD-A1D4F3014FC1}.Ad-Hoc|iPhoneSimulator.ActiveCfg = Release|Any CPU
		{526851B8-48C2-4F57-8CBD-A1D4F3014FC1}.Ad-Hoc|iPhoneSimulator.Build.0 = Release|Any CPU
		{526851B8-48C2-4F57-8CBD-A1D4F3014FC1}.Ad-Hoc|x64.ActiveCfg = Release|Any CPU
		{526851B8-48C2-4F57-8CBD-A1D4F3014FC1}.Ad-Hoc|x64.Build.0 = Release|Any CPU
		{526851B8-48C2-4F57-8CBD-A1D4F3014FC1}.Ad-Hoc|x86.ActiveCfg = Release|Any CPU
		{526851B8-48C2-4F57-8CBD-A1D4F3014FC1}.Ad-Hoc|x86.Build.0 = Release|Any CPU
		{526851B8-48C2-4F57-8CBD-A1D4F3014FC1}.AppStore|Any CPU.ActiveCfg = Release|Any CPU
		{526851B8-48C2-4F57-8CBD-A1D4F3014FC1}.AppStore|Any CPU.Build.0 = Release|Any CPU
		{526851B8-48C2-4F57-8CBD-A1D4F3014FC1}.AppStore|ARM.ActiveCfg = Release|Any CPU
		{526851B8-48C2-4F57-8CBD-A1D4F3014FC1}.AppStore|ARM.Build.0 = Release|Any CPU
		{526851B8-48C2-4F57-8CBD-A1D4F3014FC1}.AppStore|iPhone.ActiveCfg = Release|Any CPU
		{526851B8-48C2-4F57-8CBD-A1D4F3014FC1}.AppStore|iPhone.Build.0 = Release|Any CPU
		{526851B8-48C2-4F57-8CBD-A1D4F3014FC1}.AppStore|iPhoneSimulator.ActiveCfg = Release|Any CPU
		{526851B8-48C2-4F57-8CBD-A1D4F3014FC1}.AppStore|iPhoneSimulator.Build.0 = Release|Any CPU
		{526851B8-48C2-4F57-8CBD-A1D4F3014FC1}.AppStore|x64.ActiveCfg = Release|Any CPU
		{526851B8-48C2-4F57-8CBD-A1D4F3014FC1}.AppStore|x64.Build.0 = Release|Any CPU
		{526851B8-48C2-4F57-8CBD-A1D4F3014FC1}.AppStore|x86.ActiveCfg = Release|Any CPU
		{526851B8-48C2-4F57-8CBD-A1D4F3014FC1}.AppStore|x86.Build.0 = Release|Any CPU
		{526851B8-48C2-4F57-8CBD-A1D4F3014FC1}.Debug|Any CPU.ActiveCfg = Debug|Any CPU
		{526851B8-48C2-4F57-8CBD-A1D4F3014FC1}.Debug|Any CPU.Build.0 = Debug|Any CPU
		{526851B8-48C2-4F57-8CBD-A1D4F3014FC1}.Debug|ARM.ActiveCfg = Debug|Any CPU
		{526851B8-48C2-4F57-8CBD-A1D4F3014FC1}.Debug|ARM.Build.0 = Debug|Any CPU
		{526851B8-48C2-4F57-8CBD-A1D4F3014FC1}.Debug|iPhone.ActiveCfg = Debug|Any CPU
		{526851B8-48C2-4F57-8CBD-A1D4F3014FC1}.Debug|iPhone.Build.0 = Debug|Any CPU
		{526851B8-48C2-4F57-8CBD-A1D4F3014FC1}.Debug|iPhoneSimulator.ActiveCfg = Debug|Any CPU
		{526851B8-48C2-4F57-8CBD-A1D4F3014FC1}.Debug|iPhoneSimulator.Build.0 = Debug|Any CPU
		{526851B8-48C2-4F57-8CBD-A1D4F3014FC1}.Debug|x64.ActiveCfg = Debug|Any CPU
		{526851B8-48C2-4F57-8CBD-A1D4F3014FC1}.Debug|x64.Build.0 = Debug|Any CPU
		{526851B8-48C2-4F57-8CBD-A1D4F3014FC1}.Debug|x86.ActiveCfg = Debug|Any CPU
		{526851B8-48C2-4F57-8CBD-A1D4F3014FC1}.Debug|x86.Build.0 = Debug|Any CPU
		{526851B8-48C2-4F57-8CBD-A1D4F3014FC1}.Release|Any CPU.ActiveCfg = Release|Any CPU
		{526851B8-48C2-4F57-8CBD-A1D4F3014FC1}.Release|Any CPU.Build.0 = Release|Any CPU
		{526851B8-48C2-4F57-8CBD-A1D4F3014FC1}.Release|ARM.ActiveCfg = Release|Any CPU
		{526851B8-48C2-4F57-8CBD-A1D4F3014FC1}.Release|ARM.Build.0 = Release|Any CPU
		{526851B8-48C2-4F57-8CBD-A1D4F3014FC1}.Release|iPhone.ActiveCfg = Release|Any CPU
		{526851B8-48C2-4F57-8CBD-A1D4F3014FC1}.Release|iPhone.Build.0 = Release|Any CPU
		{526851B8-48C2-4F57-8CBD-A1D4F3014FC1}.Release|iPhoneSimulator.ActiveCfg = Release|Any CPU
		{526851B8-48C2-4F57-8CBD-A1D4F3014FC1}.Release|iPhoneSimulator.Build.0 = Release|Any CPU
		{526851B8-48C2-4F57-8CBD-A1D4F3014FC1}.Release|x64.ActiveCfg = Release|Any CPU
		{526851B8-48C2-4F57-8CBD-A1D4F3014FC1}.Release|x64.Build.0 = Release|Any CPU
		{526851B8-48C2-4F57-8CBD-A1D4F3014FC1}.Release|x86.ActiveCfg = Release|Any CPU
		{526851B8-48C2-4F57-8CBD-A1D4F3014FC1}.Release|x86.Build.0 = Release|Any CPU
		{59FE089F-F333-4CFC-BCA0-1159124100E4}.Ad-Hoc|Any CPU.ActiveCfg = Release|x86
		{59FE089F-F333-4CFC-BCA0-1159124100E4}.Ad-Hoc|Any CPU.Build.0 = Release|x86
		{59FE089F-F333-4CFC-BCA0-1159124100E4}.Ad-Hoc|Any CPU.Deploy.0 = Release|x86
		{59FE089F-F333-4CFC-BCA0-1159124100E4}.Ad-Hoc|ARM.ActiveCfg = Release|ARM
		{59FE089F-F333-4CFC-BCA0-1159124100E4}.Ad-Hoc|ARM.Build.0 = Release|ARM
		{59FE089F-F333-4CFC-BCA0-1159124100E4}.Ad-Hoc|ARM.Deploy.0 = Release|ARM
		{59FE089F-F333-4CFC-BCA0-1159124100E4}.Ad-Hoc|iPhone.ActiveCfg = Release|x86
		{59FE089F-F333-4CFC-BCA0-1159124100E4}.Ad-Hoc|iPhone.Build.0 = Release|x86
		{59FE089F-F333-4CFC-BCA0-1159124100E4}.Ad-Hoc|iPhone.Deploy.0 = Release|x86
		{59FE089F-F333-4CFC-BCA0-1159124100E4}.Ad-Hoc|iPhoneSimulator.ActiveCfg = Release|x86
		{59FE089F-F333-4CFC-BCA0-1159124100E4}.Ad-Hoc|iPhoneSimulator.Build.0 = Release|x86
		{59FE089F-F333-4CFC-BCA0-1159124100E4}.Ad-Hoc|iPhoneSimulator.Deploy.0 = Release|x86
		{59FE089F-F333-4CFC-BCA0-1159124100E4}.Ad-Hoc|x64.ActiveCfg = Release|x64
		{59FE089F-F333-4CFC-BCA0-1159124100E4}.Ad-Hoc|x64.Build.0 = Release|x64
		{59FE089F-F333-4CFC-BCA0-1159124100E4}.Ad-Hoc|x64.Deploy.0 = Release|x64
		{59FE089F-F333-4CFC-BCA0-1159124100E4}.Ad-Hoc|x86.ActiveCfg = Release|x86
		{59FE089F-F333-4CFC-BCA0-1159124100E4}.Ad-Hoc|x86.Build.0 = Release|x86
		{59FE089F-F333-4CFC-BCA0-1159124100E4}.Ad-Hoc|x86.Deploy.0 = Release|x86
		{59FE089F-F333-4CFC-BCA0-1159124100E4}.AppStore|Any CPU.ActiveCfg = Release|x86
		{59FE089F-F333-4CFC-BCA0-1159124100E4}.AppStore|Any CPU.Build.0 = Release|x86
		{59FE089F-F333-4CFC-BCA0-1159124100E4}.AppStore|Any CPU.Deploy.0 = Release|x86
		{59FE089F-F333-4CFC-BCA0-1159124100E4}.AppStore|ARM.ActiveCfg = Release|ARM
		{59FE089F-F333-4CFC-BCA0-1159124100E4}.AppStore|ARM.Build.0 = Release|ARM
		{59FE089F-F333-4CFC-BCA0-1159124100E4}.AppStore|ARM.Deploy.0 = Release|ARM
		{59FE089F-F333-4CFC-BCA0-1159124100E4}.AppStore|iPhone.ActiveCfg = Release|x86
		{59FE089F-F333-4CFC-BCA0-1159124100E4}.AppStore|iPhone.Build.0 = Release|x86
		{59FE089F-F333-4CFC-BCA0-1159124100E4}.AppStore|iPhone.Deploy.0 = Release|x86
		{59FE089F-F333-4CFC-BCA0-1159124100E4}.AppStore|iPhoneSimulator.ActiveCfg = Release|x86
		{59FE089F-F333-4CFC-BCA0-1159124100E4}.AppStore|iPhoneSimulator.Build.0 = Release|x86
		{59FE089F-F333-4CFC-BCA0-1159124100E4}.AppStore|iPhoneSimulator.Deploy.0 = Release|x86
		{59FE089F-F333-4CFC-BCA0-1159124100E4}.AppStore|x64.ActiveCfg = Release|x64
		{59FE089F-F333-4CFC-BCA0-1159124100E4}.AppStore|x64.Build.0 = Release|x64
		{59FE089F-F333-4CFC-BCA0-1159124100E4}.AppStore|x64.Deploy.0 = Release|x64
		{59FE089F-F333-4CFC-BCA0-1159124100E4}.AppStore|x86.ActiveCfg = Release|x86
		{59FE089F-F333-4CFC-BCA0-1159124100E4}.AppStore|x86.Build.0 = Release|x86
		{59FE089F-F333-4CFC-BCA0-1159124100E4}.AppStore|x86.Deploy.0 = Release|x86
		{59FE089F-F333-4CFC-BCA0-1159124100E4}.Debug|Any CPU.ActiveCfg = Debug|x86
		{59FE089F-F333-4CFC-BCA0-1159124100E4}.Debug|ARM.ActiveCfg = Debug|ARM
		{59FE089F-F333-4CFC-BCA0-1159124100E4}.Debug|ARM.Build.0 = Debug|ARM
		{59FE089F-F333-4CFC-BCA0-1159124100E4}.Debug|ARM.Deploy.0 = Debug|ARM
		{59FE089F-F333-4CFC-BCA0-1159124100E4}.Debug|iPhone.ActiveCfg = Debug|x86
		{59FE089F-F333-4CFC-BCA0-1159124100E4}.Debug|iPhoneSimulator.ActiveCfg = Debug|x86
		{59FE089F-F333-4CFC-BCA0-1159124100E4}.Debug|x64.ActiveCfg = Debug|x64
		{59FE089F-F333-4CFC-BCA0-1159124100E4}.Debug|x64.Build.0 = Debug|x64
		{59FE089F-F333-4CFC-BCA0-1159124100E4}.Debug|x64.Deploy.0 = Debug|x64
		{59FE089F-F333-4CFC-BCA0-1159124100E4}.Debug|x86.ActiveCfg = Debug|x86
		{59FE089F-F333-4CFC-BCA0-1159124100E4}.Debug|x86.Build.0 = Debug|x86
		{59FE089F-F333-4CFC-BCA0-1159124100E4}.Debug|x86.Deploy.0 = Debug|x86
		{59FE089F-F333-4CFC-BCA0-1159124100E4}.Release|Any CPU.ActiveCfg = Release|x86
		{59FE089F-F333-4CFC-BCA0-1159124100E4}.Release|ARM.ActiveCfg = Release|ARM
		{59FE089F-F333-4CFC-BCA0-1159124100E4}.Release|ARM.Build.0 = Release|ARM
		{59FE089F-F333-4CFC-BCA0-1159124100E4}.Release|ARM.Deploy.0 = Release|ARM
		{59FE089F-F333-4CFC-BCA0-1159124100E4}.Release|iPhone.ActiveCfg = Release|x86
		{59FE089F-F333-4CFC-BCA0-1159124100E4}.Release|iPhoneSimulator.ActiveCfg = Release|x86
		{59FE089F-F333-4CFC-BCA0-1159124100E4}.Release|x64.ActiveCfg = Release|x64
		{59FE089F-F333-4CFC-BCA0-1159124100E4}.Release|x64.Build.0 = Release|x64
		{59FE089F-F333-4CFC-BCA0-1159124100E4}.Release|x64.Deploy.0 = Release|x64
		{59FE089F-F333-4CFC-BCA0-1159124100E4}.Release|x86.ActiveCfg = Release|x86
		{59FE089F-F333-4CFC-BCA0-1159124100E4}.Release|x86.Build.0 = Release|x86
		{59FE089F-F333-4CFC-BCA0-1159124100E4}.Release|x86.Deploy.0 = Release|x86
		{D4C59987-98DD-469D-A58E-CCBDE2038C39}.Ad-Hoc|Any CPU.ActiveCfg = Ad-Hoc|iPhone
		{D4C59987-98DD-469D-A58E-CCBDE2038C39}.Ad-Hoc|ARM.ActiveCfg = Ad-Hoc|iPhone
		{D4C59987-98DD-469D-A58E-CCBDE2038C39}.Ad-Hoc|iPhone.ActiveCfg = Ad-Hoc|iPhone
		{D4C59987-98DD-469D-A58E-CCBDE2038C39}.Ad-Hoc|iPhone.Build.0 = Ad-Hoc|iPhone
		{D4C59987-98DD-469D-A58E-CCBDE2038C39}.Ad-Hoc|iPhoneSimulator.ActiveCfg = Ad-Hoc|iPhoneSimulator
		{D4C59987-98DD-469D-A58E-CCBDE2038C39}.Ad-Hoc|iPhoneSimulator.Build.0 = Ad-Hoc|iPhoneSimulator
		{D4C59987-98DD-469D-A58E-CCBDE2038C39}.Ad-Hoc|x64.ActiveCfg = Ad-Hoc|iPhone
		{D4C59987-98DD-469D-A58E-CCBDE2038C39}.Ad-Hoc|x86.ActiveCfg = Ad-Hoc|iPhone
		{D4C59987-98DD-469D-A58E-CCBDE2038C39}.AppStore|Any CPU.ActiveCfg = AppStore|iPhone
		{D4C59987-98DD-469D-A58E-CCBDE2038C39}.AppStore|ARM.ActiveCfg = AppStore|iPhone
		{D4C59987-98DD-469D-A58E-CCBDE2038C39}.AppStore|iPhone.ActiveCfg = AppStore|iPhone
		{D4C59987-98DD-469D-A58E-CCBDE2038C39}.AppStore|iPhone.Build.0 = AppStore|iPhone
		{D4C59987-98DD-469D-A58E-CCBDE2038C39}.AppStore|iPhoneSimulator.ActiveCfg = AppStore|iPhoneSimulator
		{D4C59987-98DD-469D-A58E-CCBDE2038C39}.AppStore|iPhoneSimulator.Build.0 = AppStore|iPhoneSimulator
		{D4C59987-98DD-469D-A58E-CCBDE2038C39}.AppStore|x64.ActiveCfg = AppStore|iPhone
		{D4C59987-98DD-469D-A58E-CCBDE2038C39}.AppStore|x86.ActiveCfg = AppStore|iPhone
		{D4C59987-98DD-469D-A58E-CCBDE2038C39}.Debug|Any CPU.ActiveCfg = Debug|iPhone
		{D4C59987-98DD-469D-A58E-CCBDE2038C39}.Debug|ARM.ActiveCfg = Debug|iPhone
		{D4C59987-98DD-469D-A58E-CCBDE2038C39}.Debug|iPhone.ActiveCfg = Debug|iPhone
		{D4C59987-98DD-469D-A58E-CCBDE2038C39}.Debug|iPhone.Build.0 = Debug|iPhone
		{D4C59987-98DD-469D-A58E-CCBDE2038C39}.Debug|iPhoneSimulator.ActiveCfg = Debug|iPhoneSimulator
		{D4C59987-98DD-469D-A58E-CCBDE2038C39}.Debug|iPhoneSimulator.Build.0 = Debug|iPhoneSimulator
		{D4C59987-98DD-469D-A58E-CCBDE2038C39}.Debug|x64.ActiveCfg = Debug|iPhone
		{D4C59987-98DD-469D-A58E-CCBDE2038C39}.Debug|x86.ActiveCfg = Debug|iPhone
		{D4C59987-98DD-469D-A58E-CCBDE2038C39}.Release|Any CPU.ActiveCfg = Release|iPhone
		{D4C59987-98DD-469D-A58E-CCBDE2038C39}.Release|ARM.ActiveCfg = Release|iPhone
		{D4C59987-98DD-469D-A58E-CCBDE2038C39}.Release|iPhone.ActiveCfg = Release|iPhone
		{D4C59987-98DD-469D-A58E-CCBDE2038C39}.Release|iPhone.Build.0 = Release|iPhone
		{D4C59987-98DD-469D-A58E-CCBDE2038C39}.Release|iPhoneSimulator.ActiveCfg = Release|iPhoneSimulator
		{D4C59987-98DD-469D-A58E-CCBDE2038C39}.Release|iPhoneSimulator.Build.0 = Release|iPhoneSimulator
		{D4C59987-98DD-469D-A58E-CCBDE2038C39}.Release|x64.ActiveCfg = Release|iPhone
		{D4C59987-98DD-469D-A58E-CCBDE2038C39}.Release|x86.ActiveCfg = Release|iPhone
		{0F6D0BB1-9435-4ABB-A581-099F3190CAEE}.Ad-Hoc|Any CPU.ActiveCfg = Release|Any CPU
		{0F6D0BB1-9435-4ABB-A581-099F3190CAEE}.Ad-Hoc|Any CPU.Build.0 = Release|Any CPU
		{0F6D0BB1-9435-4ABB-A581-099F3190CAEE}.Ad-Hoc|ARM.ActiveCfg = Release|Any CPU
		{0F6D0BB1-9435-4ABB-A581-099F3190CAEE}.Ad-Hoc|ARM.Build.0 = Release|Any CPU
		{0F6D0BB1-9435-4ABB-A581-099F3190CAEE}.Ad-Hoc|iPhone.ActiveCfg = Release|Any CPU
		{0F6D0BB1-9435-4ABB-A581-099F3190CAEE}.Ad-Hoc|iPhone.Build.0 = Release|Any CPU
		{0F6D0BB1-9435-4ABB-A581-099F3190CAEE}.Ad-Hoc|iPhoneSimulator.ActiveCfg = Release|Any CPU
		{0F6D0BB1-9435-4ABB-A581-099F3190CAEE}.Ad-Hoc|iPhoneSimulator.Build.0 = Release|Any CPU
		{0F6D0BB1-9435-4ABB-A581-099F3190CAEE}.Ad-Hoc|x64.ActiveCfg = Release|Any CPU
		{0F6D0BB1-9435-4ABB-A581-099F3190CAEE}.Ad-Hoc|x64.Build.0 = Release|Any CPU
		{0F6D0BB1-9435-4ABB-A581-099F3190CAEE}.Ad-Hoc|x86.ActiveCfg = Release|Any CPU
		{0F6D0BB1-9435-4ABB-A581-099F3190CAEE}.Ad-Hoc|x86.Build.0 = Release|Any CPU
		{0F6D0BB1-9435-4ABB-A581-099F3190CAEE}.AppStore|Any CPU.ActiveCfg = Release|Any CPU
		{0F6D0BB1-9435-4ABB-A581-099F3190CAEE}.AppStore|Any CPU.Build.0 = Release|Any CPU
		{0F6D0BB1-9435-4ABB-A581-099F3190CAEE}.AppStore|ARM.ActiveCfg = Release|Any CPU
		{0F6D0BB1-9435-4ABB-A581-099F3190CAEE}.AppStore|ARM.Build.0 = Release|Any CPU
		{0F6D0BB1-9435-4ABB-A581-099F3190CAEE}.AppStore|iPhone.ActiveCfg = Release|Any CPU
		{0F6D0BB1-9435-4ABB-A581-099F3190CAEE}.AppStore|iPhone.Build.0 = Release|Any CPU
		{0F6D0BB1-9435-4ABB-A581-099F3190CAEE}.AppStore|iPhoneSimulator.ActiveCfg = Release|Any CPU
		{0F6D0BB1-9435-4ABB-A581-099F3190CAEE}.AppStore|iPhoneSimulator.Build.0 = Release|Any CPU
		{0F6D0BB1-9435-4ABB-A581-099F3190CAEE}.AppStore|x64.ActiveCfg = Release|Any CPU
		{0F6D0BB1-9435-4ABB-A581-099F3190CAEE}.AppStore|x64.Build.0 = Release|Any CPU
		{0F6D0BB1-9435-4ABB-A581-099F3190CAEE}.AppStore|x86.ActiveCfg = Release|Any CPU
		{0F6D0BB1-9435-4ABB-A581-099F3190CAEE}.AppStore|x86.Build.0 = Release|Any CPU
		{0F6D0BB1-9435-4ABB-A581-099F3190CAEE}.Debug|Any CPU.ActiveCfg = Debug|Any CPU
		{0F6D0BB1-9435-4ABB-A581-099F3190CAEE}.Debug|Any CPU.Build.0 = Debug|Any CPU
		{0F6D0BB1-9435-4ABB-A581-099F3190CAEE}.Debug|ARM.ActiveCfg = Debug|Any CPU
		{0F6D0BB1-9435-4ABB-A581-099F3190CAEE}.Debug|ARM.Build.0 = Debug|Any CPU
		{0F6D0BB1-9435-4ABB-A581-099F3190CAEE}.Debug|iPhone.ActiveCfg = Debug|Any CPU
		{0F6D0BB1-9435-4ABB-A581-099F3190CAEE}.Debug|iPhone.Build.0 = Debug|Any CPU
		{0F6D0BB1-9435-4ABB-A581-099F3190CAEE}.Debug|iPhoneSimulator.ActiveCfg = Debug|Any CPU
		{0F6D0BB1-9435-4ABB-A581-099F3190CAEE}.Debug|iPhoneSimulator.Build.0 = Debug|Any CPU
		{0F6D0BB1-9435-4ABB-A581-099F3190CAEE}.Debug|x64.ActiveCfg = Debug|Any CPU
		{0F6D0BB1-9435-4ABB-A581-099F3190CAEE}.Debug|x64.Build.0 = Debug|Any CPU
		{0F6D0BB1-9435-4ABB-A581-099F3190CAEE}.Debug|x86.ActiveCfg = Debug|Any CPU
		{0F6D0BB1-9435-4ABB-A581-099F3190CAEE}.Debug|x86.Build.0 = Debug|Any CPU
		{0F6D0BB1-9435-4ABB-A581-099F3190CAEE}.Release|Any CPU.ActiveCfg = Release|Any CPU
		{0F6D0BB1-9435-4ABB-A581-099F3190CAEE}.Release|Any CPU.Build.0 = Release|Any CPU
		{0F6D0BB1-9435-4ABB-A581-099F3190CAEE}.Release|ARM.ActiveCfg = Release|Any CPU
		{0F6D0BB1-9435-4ABB-A581-099F3190CAEE}.Release|ARM.Build.0 = Release|Any CPU
		{0F6D0BB1-9435-4ABB-A581-099F3190CAEE}.Release|iPhone.ActiveCfg = Release|Any CPU
		{0F6D0BB1-9435-4ABB-A581-099F3190CAEE}.Release|iPhone.Build.0 = Release|Any CPU
		{0F6D0BB1-9435-4ABB-A581-099F3190CAEE}.Release|iPhoneSimulator.ActiveCfg = Release|Any CPU
		{0F6D0BB1-9435-4ABB-A581-099F3190CAEE}.Release|iPhoneSimulator.Build.0 = Release|Any CPU
		{0F6D0BB1-9435-4ABB-A581-099F3190CAEE}.Release|x64.ActiveCfg = Release|Any CPU
		{0F6D0BB1-9435-4ABB-A581-099F3190CAEE}.Release|x64.Build.0 = Release|Any CPU
		{0F6D0BB1-9435-4ABB-A581-099F3190CAEE}.Release|x86.ActiveCfg = Release|Any CPU
		{0F6D0BB1-9435-4ABB-A581-099F3190CAEE}.Release|x86.Build.0 = Release|Any CPU
	EndGlobalSection
	GlobalSection(SolutionProperties) = preSolution
		HideSolutionNode = FALSE
	EndGlobalSection
	GlobalSection(NestedProjects) = preSolution
		{0F6D0BB1-9435-4ABB-A581-099F3190CAEE} = {004D2BC9-C4F1-44A7-9D40-BE581B70C0B1}
	EndGlobalSection
	GlobalSection(ExtensibilityGlobals) = postSolution
		SolutionGuid = {EF9227D6-0CBB-4B70-8BBB-15B04CAEC7F7}
	EndGlobalSection
EndGlobal
